
Microsoft Visual Studio Solution File, Format Version 12.00
# Visual Studio Version 17
VisualStudioVersion = 17.11.35327.3
MinimumVisualStudioVersion = 10.0.40219.1
Project("{FAE04EC0-301F-11D3-BF4B-00C04F79EFBC}") = "ApiLivraria", "ApiLivraria.csproj", "{424F93C1-14CA-4B89-976C-BC3EC9589B23}"
EndProject
Global
	GlobalSection(SolutionConfigurationPlatforms) = preSolution
		Debug|Any CPU = Debug|Any CPU
		Release|Any CPU = Release|Any CPU
	EndGlobalSection
	GlobalSection(ProjectConfigurationPlatforms) = postSolution
		{424F93C1-14CA-4B89-976C-BC3EC9589B23}.Debug|Any CPU.ActiveCfg = Debug|Any CPU
		{424F93C1-14CA-4B89-976C-BC3EC9589B23}.Debug|Any CPU.Build.0 = Debug|Any CPU
		{424F93C1-14CA-4B89-976C-BC3EC9589B23}.Release|Any CPU.ActiveCfg = Release|Any CPU
		{424F93C1-14CA-4B89-976C-BC3EC9589B23}.Release|Any CPU.Build.0 = Release|Any CPU
	EndGlobalSection
	GlobalSection(SolutionProperties) = preSolution
		HideSolutionNode = FALSE
	EndGlobalSection
	GlobalSection(ExtensibilityGlobals) = postSolution
		SolutionGuid = {643016D9-F871-4451-861F-553BD84EA5E1}
	EndGlobalSection
EndGlobal
